Microsoft Visual Studio Solution File, Format Version 12.00
# Visual Studio Version 17
VisualStudioVersion = 17.5.2.0
MinimumVisualStudioVersion = 10.0.40219.1
Project("{2150E333-8FDC-42A3-9474-1A3956D46DE8}") = "ASP.NET", "ASP.NET", "{F80952A4-3F86-4525-D661-DB6A21184A74}"
EndProject
Project("{2150E333-8FDC-42A3-9474-1A3956D46DE8}") = "Lista6", "Lista6", "{44B0CF59-6EBE-6467-D7B9-747D1FDCCE48}"
EndProject
Project("{FAE04EC0-301F-11D3-BF4B-00C04F79EFBC}") = "zad2", "ASP.NET\Lista6\zad2\zad2.csproj", "{28EFD01D-0116-C2DA-427F-143F247871CA}"
EndProject
Project("{FAE04EC0-301F-11D3-BF4B-00C04F79EFBC}") = "zad5", "ASP.NET\Lista6\zad5\zad5.csproj", "{FF1A3DCF-763C-9C22-1F84-32677F192EED}"
EndProject
Project("{FAE04EC0-301F-11D3-BF4B-00C04F79EFBC}") = "zad4", "ASP.NET\Lista6\zad4\zad4.csproj", "{5764D720-B901-E770-04D5-FE4F59C474EF}"
EndProject
Project("{FAE04EC0-301F-11D3-BF4B-00C04F79EFBC}") = "zad3", "ASP.NET\Lista6\zad3\zad3.csproj", "{9DD64B17-0AFE-8B10-98BE-1649780CBD88}"
EndProject
Project("{FAE04EC0-301F-11D3-BF4B-00C04F79EFBC}") = "zad1", "ASP.NET\Lista6\zad1\zad1.csproj", "{044E7544-D073-FC16-B081-B7BBE3610E70}"
EndProject
Project("{2150E333-8FDC-42A3-9474-1A3956D46DE8}") = "Lista7", "Lista7", "{25A41F27-8488-0D13-67E7-5121350E9CE7}"
EndProject
Project("{FAE04EC0-301F-11D3-BF4B-00C04F79EFBC}") = "zad2", "ASP.NET\Lista7\zad2\zad2.csproj", "{F524FED6-2B90-C758-D8B4-31B5056E3E57}"
EndProject
Project("{2150E333-8FDC-42A3-9474-1A3956D46DE8}") = "List7", "List7", "{7864C131-2CE1-4EF6-4A13-16E8FCE69C7D}"
EndProject
Project("{FAE04EC0-301F-11D3-BF4B-00C04F79EFBC}") = "zad2", "ASP.NET\List7\zad2\zad2.csproj", "{D72E9EAB-1721-93CD-E8EC-6A1888F27AD6}"
EndProject
Project("{2150E333-8FDC-42A3-9474-1A3956D46DE8}") = "Lista5", "Lista5", "{25D909EC-DA56-E6FA-1B83-126573112193}"
EndProject
Project("{FAE04EC0-301F-11D3-BF4B-00C04F79EFBC}") = "zad2", "ASP.NET\Lista5\zad2\zad2.csproj", "{D57FAC9C-0B72-04CF-7EB7-A8F630C23A2B}"
EndProject
Project("{FAE04EC0-301F-11D3-BF4B-00C04F79EFBC}") = "zad5", "ASP.NET\Lista5\zad5\zad5.csproj", "{846E5C44-9CB9-FE3D-71C4-86E57929BA77}"
EndProject
Project("{FAE04EC0-301F-11D3-BF4B-00C04F79EFBC}") = "zad4", "ASP.NET\Lista5\zad4\zad4.csproj", "{49147067-8797-F563-C888-04BF9738CDF7}"
EndProject
Project("{FAE04EC0-301F-11D3-BF4B-00C04F79EFBC}") = "zad3", "ASP.NET\Lista5\zad3\zad3.csproj", "{5DCD21C2-5933-FE9D-B2F2-55123110F009}"
EndProject
Global
	GlobalSection(SolutionConfigurationPlatforms) = preSolution
		Debug|Any CPU = Debug|Any CPU
		Release|Any CPU = Release|Any CPU
	EndGlobalSection
	GlobalSection(ProjectConfigurationPlatforms) = postSolution
		{28EFD01D-0116-C2DA-427F-143F247871CA}.Debug|Any CPU.ActiveCfg = Debug|Any CPU
		{28EFD01D-0116-C2DA-427F-143F247871CA}.Debug|Any CPU.Build.0 = Debug|Any CPU
		{28EFD01D-0116-C2DA-427F-143F247871CA}.Release|Any CPU.ActiveCfg = Release|Any CPU
		{28EFD01D-0116-C2DA-427F-143F247871CA}.Release|Any CPU.Build.0 = Release|Any CPU
		{FF1A3DCF-763C-9C22-1F84-32677F192EED}.Debug|Any CPU.ActiveCfg = Debug|Any CPU
		{FF1A3DCF-763C-9C22-1F84-32677F192EED}.Debug|Any CPU.Build.0 = Debug|Any CPU
		{FF1A3DCF-763C-9C22-1F84-32677F192EED}.Release|Any CPU.ActiveCfg = Release|Any CPU
		{FF1A3DCF-763C-9C22-1F84-32677F192EED}.Release|Any CPU.Build.0 = Release|Any CPU
		{5764D720-B901-E770-04D5-FE4F59C474EF}.Debug|Any CPU.ActiveCfg = Debug|Any CPU
		{5764D720-B901-E770-04D5-FE4F59C474EF}.Debug|Any CPU.Build.0 = Debug|Any CPU
		{5764D720-B901-E770-04D5-FE4F59C474EF}.Release|Any CPU.ActiveCfg = Release|Any CPU
		{5764D720-B901-E770-04D5-FE4F59C474EF}.Release|Any CPU.Build.0 = Release|Any CPU
		{9DD64B17-0AFE-8B10-98BE-1649780CBD88}.Debug|Any CPU.ActiveCfg = Debug|Any CPU
		{9DD64B17-0AFE-8B10-98BE-1649780CBD88}.Debug|Any CPU.Build.0 = Debug|Any CPU
		{9DD64B17-0AFE-8B10-98BE-1649780CBD88}.Release|Any CPU.ActiveCfg = Release|Any CPU
		{9DD64B17-0AFE-8B10-98BE-1649780CBD88}.Release|Any CPU.Build.0 = Release|Any CPU
		{044E7544-D073-FC16-B081-B7BBE3610E70}.Debug|Any CPU.ActiveCfg = Debug|Any CPU
		{044E7544-D073-FC16-B081-B7BBE3610E70}.Debug|Any CPU.Build.0 = Debug|Any CPU
		{044E7544-D073-FC16-B081-B7BBE3610E70}.Release|Any CPU.ActiveCfg = Release|Any CPU
		{044E7544-D073-FC16-B081-B7BBE3610E70}.Release|Any CPU.Build.0 = Release|Any CPU
		{F524FED6-2B90-C758-D8B4-31B5056E3E57}.Debug|Any CPU.ActiveCfg = Debug|Any CPU
		{F524FED6-2B90-C758-D8B4-31B5056E3E57}.Debug|Any CPU.Build.0 = Debug|Any CPU
		{F524FED6-2B90-C758-D8B4-31B5056E3E57}.Release|Any CPU.ActiveCfg = Release|Any CPU
		{F524FED6-2B90-C758-D8B4-31B5056E3E57}.Release|Any CPU.Build.0 = Release|Any CPU
		{D72E9EAB-1721-93CD-E8EC-6A1888F27AD6}.Debug|Any CPU.ActiveCfg = Debug|Any CPU
		{D72E9EAB-1721-93CD-E8EC-6A1888F27AD6}.Debug|Any CPU.Build.0 = Debug|Any CPU
		{D72E9EAB-1721-93CD-E8EC-6A1888F27AD6}.Release|Any CPU.ActiveCfg = Release|Any CPU
		{D72E9EAB-1721-93CD-E8EC-6A1888F27AD6}.Release|Any CPU.Build.0 = Release|Any CPU
		{D57FAC9C-0B72-04CF-7EB7-A8F630C23A2B}.Debug|Any CPU.ActiveCfg = Debug|Any CPU
		{D57FAC9C-0B72-04CF-7EB7-A8F630C23A2B}.Debug|Any CPU.Build.0 = Debug|Any CPU
		{D57FAC9C-0B72-04CF-7EB7-A8F630C23A2B}.Release|Any CPU.ActiveCfg = Release|Any CPU
		{D57FAC9C-0B72-04CF-7EB7-A8F630C23A2B}.Release|Any CPU.Build.0 = Release|Any CPU
		{846E5C44-9CB9-FE3D-71C4-86E57929BA77}.Debug|Any CPU.ActiveCfg = Debug|Any CPU
		{846E5C44-9CB9-FE3D-71C4-86E57929BA77}.Debug|Any CPU.Build.0 = Debug|Any CPU
		{846E5C44-9CB9-FE3D-71C4-86E57929BA77}.Release|Any CPU.ActiveCfg = Release|Any CPU
		{846E5C44-9CB9-FE3D-71C4-86E57929BA77}.Release|Any CPU.Build.0 = Release|Any CPU
		{49147067-8797-F563-C888-04BF9738CDF7}.Debug|Any CPU.ActiveCfg = Debug|Any CPU
		{49147067-8797-F563-C888-04BF9738CDF7}.Debug|Any CPU.Build.0 = Debug|Any CPU
		{49147067-8797-F563-C888-04BF9738CDF7}.Release|Any CPU.ActiveCfg = Release|Any CPU
		{49147067-8797-F563-C888-04BF9738CDF7}.Release|Any CPU.Build.0 = Release|Any CPU
		{5DCD21C2-5933-FE9D-B2F2-55123110F009}.Debug|Any CPU.ActiveCfg = Debug|Any CPU
		{5DCD21C2-5933-FE9D-B2F2-55123110F009}.Debug|Any CPU.Build.0 = Debug|Any CPU
		{5DCD21C2-5933-FE9D-B2F2-55123110F009}.Release|Any CPU.ActiveCfg = Release|Any CPU
		{5DCD21C2-5933-FE9D-B2F2-55123110F009}.Release|Any CPU.Build.0 = Release|Any CPU
	EndGlobalSection
	GlobalSection(SolutionProperties) = preSolution
		HideSolutionNode = FALSE
	EndGlobalSection
	GlobalSection(NestedProjects) = preSolution
		{44B0CF59-6EBE-6467-D7B9-747D1FDCCE48} = {F80952A4-3F86-4525-D661-DB6A21184A74}
		{28EFD01D-0116-C2DA-427F-143F247871CA} = {44B0CF59-6EBE-6467-D7B9-747D1FDCCE48}
		{FF1A3DCF-763C-9C22-1F84-32677F192EED} = {44B0CF59-6EBE-6467-D7B9-747D1FDCCE48}
		{5764D720-B901-E770-04D5-FE4F59C474EF} = {44B0CF59-6EBE-6467-D7B9-747D1FDCCE48}
		{9DD64B17-0AFE-8B10-98BE-1649780CBD88} = {44B0CF59-6EBE-6467-D7B9-747D1FDCCE48}
		{044E7544-D073-FC16-B081-B7BBE3610E70} = {44B0CF59-6EBE-6467-D7B9-747D1FDCCE48}
		{25A41F27-8488-0D13-67E7-5121350E9CE7} = {F80952A4-3F86-4525-D661-DB6A21184A74}
		{F524FED6-2B90-C758-D8B4-31B5056E3E57} = {25A41F27-8488-0D13-67E7-5121350E9CE7}
		{7864C131-2CE1-4EF6-4A13-16E8FCE69C7D} = {F80952A4-3F86-4525-D661-DB6A21184A74}
		{D72E9EAB-1721-93CD-E8EC-6A1888F27AD6} = {7864C131-2CE1-4EF6-4A13-16E8FCE69C7D}
		{25D909EC-DA56-E6FA-1B83-126573112193} = {F80952A4-3F86-4525-D661-DB6A21184A74}
		{D57FAC9C-0B72-04CF-7EB7-A8F630C23A2B} = {25D909EC-DA56-E6FA-1B83-126573112193}
		{846E5C44-9CB9-FE3D-71C4-86E57929BA77} = {25D909EC-DA56-E6FA-1B83-126573112193}
		{49147067-8797-F563-C888-04BF9738CDF7} = {25D909EC-DA56-E6FA-1B83-126573112193}
		{5DCD21C2-5933-FE9D-B2F2-55123110F009} = {25D909EC-DA56-E6FA-1B83-126573112193}
	EndGlobalSection
	GlobalSection(ExtensibilityGlobals) = postSolution
		SolutionGuid = {C08B170B-BADD-4A6D-8875-240B97415684}
	EndGlobalSection
EndGlobal
